
Microsoft Visual Studio Solution File, Format Version 12.00
# Visual Studio 2012
Project("{FAE04EC0-301F-11D3-BF4B-00C04F79EFBC}") = "Hangman", "Hangman\Hangman.csproj", "{8BBF8782-241F-4977-8E5F-8FA3D1FA9A22}"
EndProject
Global
	GlobalSection(SolutionConfigurationPlatforms) = preSolution
		Debug|Any CPU = Debug|Any CPU
		Release|Any CPU = Release|Any CPU
	EndGlobalSection
	GlobalSection(ProjectConfigurationPlatforms) = postSolution
		{8BBF8782-241F-4977-8E5F-8FA3D1FA9A22}.Debug|Any CPU.ActiveCfg = Debug|Any CPU
		{8BBF8782-241F-4977-8E5F-8FA3D1FA9A22}.Debug|Any CPU.Build.0 = Debug|Any CPU
		{8BBF8782-241F-4977-8E5F-8FA3D1FA9A22}.Release|Any CPU.ActiveCfg = Release|Any CPU
		{8BBF8782-241F-4977-8E5F-8FA3D1FA9A22}.Release|Any CPU.Build.0 = Release|Any CPU
	EndGlobalSection
	GlobalSection(SolutionProperties) = preSolution
		HideSolutionNode = FALSE
	EndGlobalSection
EndGlobal
